
Microsoft Visual Studio Solution File, Format Version 12.00
# Visual Studio Version 16
VisualStudioVersion = 16.0.29230.47
MinimumVisualStudioVersion = 10.0.40219.1
Project("{FAE04EC0-301F-11D3-BF4B-00C04F79EFBC}") = "fichier_changement", "fichier_changement\fichier_changement.csproj", "{4BE98ACB-813E-44F5-858B-7972964BA2F9}"
EndProject
Global
	GlobalSection(SolutionConfigurationPlatforms) = preSolution
		Debug|Any CPU = Debug|Any CPU
		Release|Any CPU = Release|Any CPU
	EndGlobalSection
	GlobalSection(ProjectConfigurationPlatforms) = postSolution
		{4BE98ACB-813E-44F5-858B-7972964BA2F9}.Debug|Any CPU.ActiveCfg = Debug|Any CPU
		{4BE98ACB-813E-44F5-858B-7972964BA2F9}.Debug|Any CPU.Build.0 = Debug|Any CPU
		{4BE98ACB-813E-44F5-858B-7972964BA2F9}.Release|Any CPU.ActiveCfg = Release|Any CPU
		{4BE98ACB-813E-44F5-858B-7972964BA2F9}.Release|Any CPU.Build.0 = Release|Any CPU
	EndGlobalSection
	GlobalSection(SolutionProperties) = preSolution
		HideSolutionNode = FALSE
	EndGlobalSection
	GlobalSection(ExtensibilityGlobals) = postSolution
		SolutionGuid = {178BFBBB-66DD-4E2F-91ED-5F3025F8D6AC}
	EndGlobalSection
EndGlobal
